
Microsoft Visual Studio Solution File, Format Version 12.00
# Visual Studio Version 16
VisualStudioVersion = 16.0.28803.452
MinimumVisualStudioVersion = 10.0.40219.1
Project("{9A19103F-16F7-4668-BE54-9A1E7A4F7556}") = "SimpleWebAPIApp", "SimpleWebAPIApp\SimpleWebAPIApp.csproj", "{41637B97-9715-4049-822C-36AEFEAB39D1}"
EndProject
Project("{2150E333-8FDC-42A3-9474-1A3956D46DE8}") = "Solution Items", "Solution Items", "{AAD5125D-7C33-4786-B372-66AA902D2088}"
	ProjectSection(SolutionItems) = preProject
		LICENSE.txt = LICENSE.txt
		Readme.md = Readme.md
	EndProjectSection
EndProject
Global
	GlobalSection(SolutionConfigurationPlatforms) = preSolution
		Debug|Any CPU = Debug|Any CPU
		Release|Any CPU = Release|Any CPU
	EndGlobalSection
	GlobalSection(ProjectConfigurationPlatforms) = postSolution
		{41637B97-9715-4049-822C-36AEFEAB39D1}.Debug|Any CPU.ActiveCfg = Debug|Any CPU
		{41637B97-9715-4049-822C-36AEFEAB39D1}.Debug|Any CPU.Build.0 = Debug|Any CPU
		{41637B97-9715-4049-822C-36AEFEAB39D1}.Release|Any CPU.ActiveCfg = Release|Any CPU
		{41637B97-9715-4049-822C-36AEFEAB39D1}.Release|Any CPU.Build.0 = Release|Any CPU
	EndGlobalSection
	GlobalSection(SolutionProperties) = preSolution
		HideSolutionNode = FALSE
	EndGlobalSection
	GlobalSection(ExtensibilityGlobals) = postSolution
		SolutionGuid = {CA34E161-72D7-4E88-B92B-BE813C650F1A}
	EndGlobalSection
EndGlobal
